Microsoft Visual Studio Solution File, Format Version 12.00
# Visual Studio Version 17
VisualStudioVersion = 17.5.2.0
MinimumVisualStudioVersion = 10.0.40219.1
Project("{FAE04EC0-301F-11D3-BF4B-00C04F79EFBC}") = "workiq-a2a-raw", "workiq-a2a-raw.csproj", "{1CFE1BDF-9413-F88B-002D-842A21276965}"
EndProject
Global
	GlobalSection(SolutionConfigurationPlatforms) = preSolution
		Debug|Any CPU = Debug|Any CPU
		Release|Any CPU = Release|Any CPU
	EndGlobalSection
	GlobalSection(ProjectConfigurationPlatforms) = postSolution
		{1CFE1BDF-9413-F88B-002D-842A21276965}.Debug|Any CPU.ActiveCfg = Debug|Any CPU
		{1CFE1BDF-9413-F88B-002D-842A21276965}.Debug|Any CPU.Build.0 = Debug|Any CPU
		{1CFE1BDF-9413-F88B-002D-842A21276965}.Release|Any CPU.ActiveCfg = Release|Any CPU
		{1CFE1BDF-9413-F88B-002D-842A21276965}.Release|Any CPU.Build.0 = Release|Any CPU
	EndGlobalSection
	GlobalSection(SolutionProperties) = preSolution
		HideSolutionNode = FALSE
	EndGlobalSection
	GlobalSection(ExtensibilityGlobals) = postSolution
		SolutionGuid = {C7BB22DB-444E-49CC-8A25-FB4033B366A1}
	EndGlobalSection
EndGlobal
