
Microsoft Visual Studio Solution File, Format Version 12.00
# Visual Studio Version 17
VisualStudioVersion = 17.0.31903.59
MinimumVisualStudioVersion = 10.0.40219.1
Project("{2150E333-8FDC-42A3-9474-1A3956D46DE8}") = "a2a-raw", "a2a-raw", "{CCFF03C2-3201-45FB-2E8F-00A04B2D057D}"
EndProject
Project("{FAE04EC0-301F-11D3-BF4B-00C04F79EFBC}") = "workiq-a2a-raw", "a2a-raw\workiq-a2a-raw.csproj", "{1FDE52B4-ADE3-45C1-92B1-7FBDED0AF791}"
EndProject
Project("{2150E333-8FDC-42A3-9474-1A3956D46DE8}") = "a2a-raw.tests", "a2a-raw.tests", "{ECE5971F-AE9E-BA12-55AA-4929917FAF06}"
EndProject
Project("{FAE04EC0-301F-11D3-BF4B-00C04F79EFBC}") = "workiq-a2a-raw-tests", "a2a-raw.tests\workiq-a2a-raw-tests.csproj", "{64FD8CEC-4C54-4873-B4E9-CA3F6BDA108A}"
EndProject
Project("{2150E333-8FDC-42A3-9474-1A3956D46DE8}") = "rest", "rest", "{CAF2E94B-1F3E-339F-03CF-980AEBF14E62}"
EndProject
Project("{FAE04EC0-301F-11D3-BF4B-00C04F79EFBC}") = "workiq-rest-sample", "rest\workiq-rest-sample.csproj", "{521D7579-B37C-47B5-AE2C-6ACFCC1AD790}"
EndProject
Project("{2150E333-8FDC-42A3-9474-1A3956D46DE8}") = "rest.tests", "rest.tests", "{99F3A7AA-53A2-3584-6717-8D7F80AF0238}"
EndProject
Project("{FAE04EC0-301F-11D3-BF4B-00C04F79EFBC}") = "workiq-rest-tests", "rest.tests\workiq-rest-tests.csproj", "{44DDF8F5-469B-4650-A170-721FFACB4B08}"
EndProject
Project("{2150E333-8FDC-42A3-9474-1A3956D46DE8}") = "a2a", "a2a", "{DF537D00-43B0-169F-440F-F716863E989D}"
EndProject
Project("{FAE04EC0-301F-11D3-BF4B-00C04F79EFBC}") = "workiq-a2a-sample", "a2a\workiq-a2a-sample.csproj", "{709CB2BA-85F0-41E1-8D28-F46CAC8BF783}"
EndProject
Project("{2150E333-8FDC-42A3-9474-1A3956D46DE8}") = "a2a.tests", "a2a.tests", "{80F48381-A032-BB77-AC00-2E31FC5BD3EE}"
EndProject
Project("{FAE04EC0-301F-11D3-BF4B-00C04F79EFBC}") = "workiq-a2a-tests", "a2a.tests\workiq-a2a-tests.csproj", "{F1B663D7-DBB9-4FB0-B8D5-60A8A077CD4F}"
EndProject
Global
	GlobalSection(SolutionConfigurationPlatforms) = preSolution
		Debug|Any CPU = Debug|Any CPU
		Debug|x64 = Debug|x64
		Debug|x86 = Debug|x86
		Release|Any CPU = Release|Any CPU
		Release|x64 = Release|x64
		Release|x86 = Release|x86
	EndGlobalSection
	GlobalSection(ProjectConfigurationPlatforms) = postSolution
		{1FDE52B4-ADE3-45C1-92B1-7FBDED0AF791}.Debug|Any CPU.ActiveCfg = Debug|Any CPU
		{1FDE52B4-ADE3-45C1-92B1-7FBDED0AF791}.Debug|Any CPU.Build.0 = Debug|Any CPU
		{1FDE52B4-ADE3-45C1-92B1-7FBDED0AF791}.Debug|x64.ActiveCfg = Debug|Any CPU
		{1FDE52B4-ADE3-45C1-92B1-7FBDED0AF791}.Debug|x64.Build.0 = Debug|Any CPU
		{1FDE52B4-ADE3-45C1-92B1-7FBDED0AF791}.Debug|x86.ActiveCfg = Debug|Any CPU
		{1FDE52B4-ADE3-45C1-92B1-7FBDED0AF791}.Debug|x86.Build.0 = Debug|Any CPU
		{1FDE52B4-ADE3-45C1-92B1-7FBDED0AF791}.Release|Any CPU.ActiveCfg = Release|Any CPU
		{1FDE52B4-ADE3-45C1-92B1-7FBDED0AF791}.Release|Any CPU.Build.0 = Release|Any CPU
		{1FDE52B4-ADE3-45C1-92B1-7FBDED0AF791}.Release|x64.ActiveCfg = Release|Any CPU
		{1FDE52B4-ADE3-45C1-92B1-7FBDED0AF791}.Release|x64.Build.0 = Release|Any CPU
		{1FDE52B4-ADE3-45C1-92B1-7FBDED0AF791}.Release|x86.ActiveCfg = Release|Any CPU
		{1FDE52B4-ADE3-45C1-92B1-7FBDED0AF791}.Release|x86.Build.0 = Release|Any CPU
		{64FD8CEC-4C54-4873-B4E9-CA3F6BDA108A}.Debug|Any CPU.ActiveCfg = Debug|Any CPU
		{64FD8CEC-4C54-4873-B4E9-CA3F6BDA108A}.Debug|Any CPU.Build.0 = Debug|Any CPU
		{64FD8CEC-4C54-4873-B4E9-CA3F6BDA108A}.Debug|x64.ActiveCfg = Debug|Any CPU
		{64FD8CEC-4C54-4873-B4E9-CA3F6BDA108A}.Debug|x64.Build.0 = Debug|Any CPU
		{64FD8CEC-4C54-4873-B4E9-CA3F6BDA108A}.Debug|x86.ActiveCfg = Debug|Any CPU
		{64FD8CEC-4C54-4873-B4E9-CA3F6BDA108A}.Debug|x86.Build.0 = Debug|Any CPU
		{64FD8CEC-4C54-4873-B4E9-CA3F6BDA108A}.Release|Any CPU.ActiveCfg = Release|Any CPU
		{64FD8CEC-4C54-4873-B4E9-CA3F6BDA108A}.Release|Any CPU.Build.0 = Release|Any CPU
		{64FD8CEC-4C54-4873-B4E9-CA3F6BDA108A}.Release|x64.ActiveCfg = Release|Any CPU
		{64FD8CEC-4C54-4873-B4E9-CA3F6BDA108A}.Release|x64.Build.0 = Release|Any CPU
		{64FD8CEC-4C54-4873-B4E9-CA3F6BDA108A}.Release|x86.ActiveCfg = Release|Any CPU
		{64FD8CEC-4C54-4873-B4E9-CA3F6BDA108A}.Release|x86.Build.0 = Release|Any CPU
		{521D7579-B37C-47B5-AE2C-6ACFCC1AD790}.Debug|Any CPU.ActiveCfg = Debug|Any CPU
		{521D7579-B37C-47B5-AE2C-6ACFCC1AD790}.Debug|Any CPU.Build.0 = Debug|Any CPU
		{521D7579-B37C-47B5-AE2C-6ACFCC1AD790}.Debug|x64.ActiveCfg = Debug|Any CPU
		{521D7579-B37C-47B5-AE2C-6ACFCC1AD790}.Debug|x64.Build.0 = Debug|Any CPU
		{521D7579-B37C-47B5-AE2C-6ACFCC1AD790}.Debug|x86.ActiveCfg = Debug|Any CPU
		{521D7579-B37C-47B5-AE2C-6ACFCC1AD790}.Debug|x86.Build.0 = Debug|Any CPU
		{521D7579-B37C-47B5-AE2C-6ACFCC1AD790}.Release|Any CPU.ActiveCfg = Release|Any CPU
		{521D7579-B37C-47B5-AE2C-6ACFCC1AD790}.Release|Any CPU.Build.0 = Release|Any CPU
		{521D7579-B37C-47B5-AE2C-6ACFCC1AD790}.Release|x64.ActiveCfg = Release|Any CPU
		{521D7579-B37C-47B5-AE2C-6ACFCC1AD790}.Release|x64.Build.0 = Release|Any CPU
		{521D7579-B37C-47B5-AE2C-6ACFCC1AD790}.Release|x86.ActiveCfg = Release|Any CPU
		{521D7579-B37C-47B5-AE2C-6ACFCC1AD790}.Release|x86.Build.0 = Release|Any CPU
		{44DDF8F5-469B-4650-A170-721FFACB4B08}.Debug|Any CPU.ActiveCfg = Debug|Any CPU
		{44DDF8F5-469B-4650-A170-721FFACB4B08}.Debug|Any CPU.Build.0 = Debug|Any CPU
		{44DDF8F5-469B-4650-A170-721FFACB4B08}.Debug|x64.ActiveCfg = Debug|Any CPU
		{44DDF8F5-469B-4650-A170-721FFACB4B08}.Debug|x64.Build.0 = Debug|Any CPU
		{44DDF8F5-469B-4650-A170-721FFACB4B08}.Debug|x86.ActiveCfg = Debug|Any CPU
		{44DDF8F5-469B-4650-A170-721FFACB4B08}.Debug|x86.Build.0 = Debug|Any CPU
		{44DDF8F5-469B-4650-A170-721FFACB4B08}.Release|Any CPU.ActiveCfg = Release|Any CPU
		{44DDF8F5-469B-4650-A170-721FFACB4B08}.Release|Any CPU.Build.0 = Release|Any CPU
		{44DDF8F5-469B-4650-A170-721FFACB4B08}.Release|x64.ActiveCfg = Release|Any CPU
		{44DDF8F5-469B-4650-A170-721FFACB4B08}.Release|x64.Build.0 = Release|Any CPU
		{44DDF8F5-469B-4650-A170-721FFACB4B08}.Release|x86.ActiveCfg = Release|Any CPU
		{44DDF8F5-469B-4650-A170-721FFACB4B08}.Release|x86.Build.0 = Release|Any CPU
		{709CB2BA-85F0-41E1-8D28-F46CAC8BF783}.Debug|Any CPU.ActiveCfg = Debug|Any CPU
		{709CB2BA-85F0-41E1-8D28-F46CAC8BF783}.Debug|Any CPU.Build.0 = Debug|Any CPU
		{709CB2BA-85F0-41E1-8D28-F46CAC8BF783}.Debug|x64.ActiveCfg = Debug|Any CPU
		{709CB2BA-85F0-41E1-8D28-F46CAC8BF783}.Debug|x64.Build.0 = Debug|Any CPU
		{709CB2BA-85F0-41E1-8D28-F46CAC8BF783}.Debug|x86.ActiveCfg = Debug|Any CPU
		{709CB2BA-85F0-41E1-8D28-F46CAC8BF783}.Debug|x86.Build.0 = Debug|Any CPU
		{709CB2BA-85F0-41E1-8D28-F46CAC8BF783}.Release|Any CPU.ActiveCfg = Release|Any CPU
		{709CB2BA-85F0-41E1-8D28-F46CAC8BF783}.Release|Any CPU.Build.0 = Release|Any CPU
		{709CB2BA-85F0-41E1-8D28-F46CAC8BF783}.Release|x64.ActiveCfg = Release|Any CPU
		{709CB2BA-85F0-41E1-8D28-F46CAC8BF783}.Release|x64.Build.0 = Release|Any CPU
		{709CB2BA-85F0-41E1-8D28-F46CAC8BF783}.Release|x86.ActiveCfg = Release|Any CPU
		{709CB2BA-85F0-41E1-8D28-F46CAC8BF783}.Release|x86.Build.0 = Release|Any CPU
		{F1B663D7-DBB9-4FB0-B8D5-60A8A077CD4F}.Debug|Any CPU.ActiveCfg = Debug|Any CPU
		{F1B663D7-DBB9-4FB0-B8D5-60A8A077CD4F}.Debug|Any CPU.Build.0 = Debug|Any CPU
		{F1B663D7-DBB9-4FB0-B8D5-60A8A077CD4F}.Debug|x64.ActiveCfg = Debug|Any CPU
		{F1B663D7-DBB9-4FB0-B8D5-60A8A077CD4F}.Debug|x64.Build.0 = Debug|Any CPU
		{F1B663D7-DBB9-4FB0-B8D5-60A8A077CD4F}.Debug|x86.ActiveCfg = Debug|Any CPU
		{F1B663D7-DBB9-4FB0-B8D5-60A8A077CD4F}.Debug|x86.Build.0 = Debug|Any CPU
		{F1B663D7-DBB9-4FB0-B8D5-60A8A077CD4F}.Release|Any CPU.ActiveCfg = Release|Any CPU
		{F1B663D7-DBB9-4FB0-B8D5-60A8A077CD4F}.Release|Any CPU.Build.0 = Release|Any CPU
		{F1B663D7-DBB9-4FB0-B8D5-60A8A077CD4F}.Release|x64.ActiveCfg = Release|Any CPU
		{F1B663D7-DBB9-4FB0-B8D5-60A8A077CD4F}.Release|x64.Build.0 = Release|Any CPU
		{F1B663D7-DBB9-4FB0-B8D5-60A8A077CD4F}.Release|x86.ActiveCfg = Release|Any CPU
		{F1B663D7-DBB9-4FB0-B8D5-60A8A077CD4F}.Release|x86.Build.0 = Release|Any CPU
	EndGlobalSection
	GlobalSection(SolutionProperties) = preSolution
		HideSolutionNode = FALSE
	EndGlobalSection
	GlobalSection(NestedProjects) = preSolution
		{1FDE52B4-ADE3-45C1-92B1-7FBDED0AF791} = {CCFF03C2-3201-45FB-2E8F-00A04B2D057D}
		{64FD8CEC-4C54-4873-B4E9-CA3F6BDA108A} = {ECE5971F-AE9E-BA12-55AA-4929917FAF06}
		{521D7579-B37C-47B5-AE2C-6ACFCC1AD790} = {CAF2E94B-1F3E-339F-03CF-980AEBF14E62}
		{44DDF8F5-469B-4650-A170-721FFACB4B08} = {99F3A7AA-53A2-3584-6717-8D7F80AF0238}
		{709CB2BA-85F0-41E1-8D28-F46CAC8BF783} = {DF537D00-43B0-169F-440F-F716863E989D}
		{F1B663D7-DBB9-4FB0-B8D5-60A8A077CD4F} = {80F48381-A032-BB77-AC00-2E31FC5BD3EE}
	EndGlobalSection
EndGlobal
